
Microsoft Visual Studio Solution File, Format Version 12.00
# Visual Studio 15
VisualStudioVersion = 15.0.28307.489
MinimumVisualStudioVersion = 10.0.40219.1
Project("{2150E333-8FDC-42A3-9474-1A3956D46DE8}") = "Solution Items", "Solution Items", "{77B9AA16-1D83-4B9F-865C-D09DB5DC9C6F}"
	ProjectSection(SolutionItems) = preProject
		WorkoutSql.sql = WorkoutSql.sql
	EndProjectSection
EndProject
Global
	GlobalSection(SolutionProperties) = preSolution
		HideSolutionNode = FALSE
	EndGlobalSection
	GlobalSection(ExtensibilityGlobals) = postSolution
		SolutionGuid = {8C7F5285-97F1-426D-99CE-F0C5A335417E}
	EndGlobalSection
EndGlobal
